PODS:
  - AFNetworking (2.6.1):
    - AFNetworking/NSURLConnection (= 2.6.1)
    - AFNetworking/NSURLSession (= 2.6.1)
    - AFNetworking/Reachability (= 2.6.1)
    - AFNetworking/Security (= 2.6.1)
    - AFNetworking/Serialization (= 2.6.1)
    - AFNetworking/UIKit (= 2.6.1)
  - AFNetworking/NSURLConnection (2.6.1):
    - AFNetworking/Reachability
    - AFNetworking/Security
    - AFNetworking/Serialization
  - AFNetworking/NSURLSession (2.6.1):
    - AFNetworking/Reachability
    - AFNetworking/Security
    - AFNetworking/Serialization
  - AFNetworking/Reachability (2.6.1)
  - AFNetworking/Security (2.6.1)
  - AFNetworking/Serialization (2.6.1)
  - AFNetworking/UIKit (2.6.1):
    - AFNetworking/NSURLConnection
    - AFNetworking/NSURLSession
  - Bolts (1.4.0):
    - Bolts/AppLinks (= 1.4.0)
    - Bolts/Tasks (= 1.4.0)
  - Bolts/AppLinks (1.4.0):
    - Bolts/Tasks
  - Bolts/Tasks (1.4.0)
  - FBSDKCoreKit (4.7.1):
    - Bolts (~> 1.1)
    - FBSDKCoreKit/arc (= 4.7.1)
    - FBSDKCoreKit/no-arc (= 4.7.1)
  - FBSDKCoreKit/arc (4.7.1):
    - Bolts (~> 1.1)
  - FBSDKCoreKit/no-arc (4.7.1):
    - Bolts (~> 1.1)
    - FBSDKCoreKit/arc
  - FBSDKLoginKit (4.7.1):
    - FBSDKCoreKit
  - FBSDKShareKit (4.7.1):
    - FBSDKCoreKit
  - FBSnapshotTestCase (2.0.6):
    - FBSnapshotTestCase/SwiftSupport (= 2.0.6)
  - FBSnapshotTestCase/Core (2.0.6)
  - FBSnapshotTestCase/SwiftSupport (2.0.6):
    - FBSnapshotTestCase/Core
  - FHSTwitterEngine (2.0.0)
  - google-plus-ios-sdk (1.7.1)
  - InstagramKit (3.6.9):
    - AFNetworking (~> 2.0)
    - InstagramKit/Exclude-UICKeyChainStore (= 3.6.9)
  - InstagramKit/Exclude-UICKeyChainStore (3.6.9):
    - AFNetworking (~> 2.0)
  - MBProgressHUD (0.9.1)
  - SLSocialShare (0.1.0)

DEPENDENCIES:
  - FBSDKCoreKit
  - FBSDKLoginKit
  - FBSDKShareKit
  - FBSnapshotTestCase
  - FHSTwitterEngine
  - google-plus-ios-sdk
  - InstagramKit
  - MBProgressHUD
  - SLSocialShare (from `../`)

EXTERNAL SOURCES:
  SLSocialShare:
    :path: ../

SPEC CHECKSUMS:
  AFNetworking: 8e4e60500beb8bec644cf575beee72990a76d399
  Bolts: 0e9bce58b9b9f5e8a7a4d47b16d2fabec289072b
  FBSDKCoreKit: 9141b70960a37930850370495fe565f4a27ac141
  FBSDKLoginKit: c11ed3c2833472db3bb4a4aecf27af4a6f69b173
  FBSDKShareKit: 213adf63e073f41a346b0e7a689805880dc5150e
  FBSnapshotTestCase: f53793e19b2782f2948e8597b03ec2bb5aedf5cd
  FHSTwitterEngine: 1106b45f790069ec29519c1172ab3d19478de931
  google-plus-ios-sdk: 47adbe03ea904bdb7aa1c0eca282a23c4686e1bc
  InstagramKit: 1f937c5c4b8469fd00a31e235d5e7d3e256ffe5d
  MBProgressHUD: c47f2c166c126cf2ce36498d80f33e754d4e93ad
  SLSocialShare: 89563beb3655383611eaff40624afc06d7ecdc23

COCOAPODS: 0.39.0
